// !$*UTF8*$!
{
	archiveVersion = 1;
	classes = {
	};
	objectVersion = 46;
	objects = {

/* Begin PBXBuildFile section */
		3F165F041D74A02A00A89986 /* Person.m in Sources */ = {isa = PBXBuildFile; fileRef = 3F165F031D74A02A00A89986 /* Person.m */; };
		3F165F051D74A20A00A89986 /* Person.m in Sources */ = {isa = PBXBuildFile; fileRef = 3F165F031D74A02A00A89986 /* Person.m */; };
		3F5703E11D74961900068735 /* main.m in Sources */ = {isa = PBXBuildFile; fileRef = 3F5703E01D74961900068735 /* main.m */; };
		3F5703EE1D7497A200068735 /* PersonTests.m in Sources */ = {isa = PBXBuildFile; fileRef = 3F5703ED1D7497A200068735 /* PersonTests.m */; };
/* End PBXBuildFile section */

/* Begin PBXCopyFilesBuildPhase section */
		3F5703DB1D74961900068735 /* CopyFiles */ = {
			isa = PBXCopyFilesBuildPhase;
			buildActionMask = 2147483647;
			dstPath = /usr/share/man/man1/;
			dstSubfolderSpec = 0;
			files = (
			);
			runOnlyForDeploymentPostprocessing = 1;
		};
/* End PBXCopyFilesBuildPhase section */

/* Begin PBXFileReference section */
		3F165F021D74A02A00A89986 /* Person.h */ = {isa = PBXFileReference; fileEncoding = 4; lastKnownFileType = sourcecode.c.h; path = Person.h; sourceTree = "<group>"; };
		3F165F031D74A02A00A89986 /* Person.m */ = {isa = PBXFileReference; fileEncoding = 4; lastKnownFileType = sourcecode.c.objc; path = Person.m; sourceTree = "<group>"; };
		3F5703DD1D74961900068735 /* ObjCBasicsLab */ = {isa = PBXFileReference; explicitFileType = "compiled.mach-o.executable"; includeInIndex = 0; path = ObjCBasicsLab; sourceTree = BUILT_PRODUCTS_DIR; };
		3F5703E01D74961900068735 /* main.m */ = {isa = PBXFileReference; lastKnownFileType = sourcecode.c.objc; path = main.m; sourceTree = "<group>"; };
		3F5703EB1D7497A200068735 /* UnitTests.xctest */ = {isa = PBXFileReference; explicitFileType = wrapper.cfbundle; includeInIndex = 0; path = UnitTests.xctest; sourceTree = BUILT_PRODUCTS_DIR; };
		3F5703ED1D7497A200068735 /* PersonTests.m */ = {isa = PBXFileReference; lastKnownFileType = sourcecode.c.objc; path = PersonTests.m; sourceTree = "<group>"; };
		3F5703EF1D7497A200068735 /* Info.plist */ = {isa = PBXFileReference; lastKnownFileType = text.plist.xml; path = Info.plist; sourceTree = "<group>"; };
/* End PBXFileReference section */

/* Begin PBXFrameworksBuildPhase section */
		3F5703DA1D74961900068735 /* Frameworks */ = {
			isa = PBXFrameworksBuildPhase;
			buildActionMask = 2147483647;
			files = (
			);
			runOnlyForDeploymentPostprocessing = 0;
		};
		3F5703E81D7497A200068735 /* Frameworks */ = {
			isa = PBXFrameworksBuildPhase;
			buildActionMask = 2147483647;
			files = (
			);
			runOnlyForDeploymentPostprocessing = 0;
		};
/* End PBXFrameworksBuildPhase section */

/* Begin PBXGroup section */
		3F5703D41D74961900068735 = {
			isa = PBXGroup;
			children = (
				3F5703DF1D74961900068735 /* ObjCBasicsLab */,
				3F5703EC1D7497A200068735 /* UnitTests */,
				3F5703DE1D74961900068735 /* Products */,
			);
			sourceTree = "<group>";
		};
		3F5703DE1D74961900068735 /* Products */ = {
			isa = PBXGroup;
			children = (
				3F5703DD1D74961900068735 /* ObjCBasicsLab */,
				3F5703EB1D7497A200068735 /* UnitTests.xctest */,
			);
			name = Products;
			sourceTree = "<group>";
		};
		3F5703DF1D74961900068735 /* ObjCBasicsLab */ = {
			isa = PBXGroup;
			children = (
				3F5703E01D74961900068735 /* main.m */,
				3F165F021D74A02A00A89986 /* Person.h */,
				3F165F031D74A02A00A89986 /* Person.m */,
			);
			path = ObjCBasicsLab;
			sourceTree = "<group>";
		};
		3F5703EC1D7497A200068735 /* UnitTests */ = {
			isa = PBXGroup;
			children = (
				3F5703ED1D7497A200068735 /* PersonTests.m */,
				3F5703EF1D7497A200068735 /* Info.plist */,
			);
			path = UnitTests;
			sourceTree = "<group>";
		};
/* End PBXGroup section */

/* Begin PBXNativeTarget section */
		3F5703DC1D74961900068735 /* ObjCBasicsLab */ = {
			isa = PBXNativeTarget;
			buildConfigurationList = 3F5703E41D74961900068735 /* Build configuration list for PBXNativeTarget "ObjCBasicsLab" */;
			buildPhases = (
				3F5703D91D74961900068735 /* Sources */,
				3F5703DA1D74961900068735 /* Frameworks */,
				3F5703DB1D74961900068735 /* CopyFiles */,
			);
			buildRules = (
			);
			dependencies = (
			);
			name = ObjCBasicsLab;
			productName = ObjCBasicsLab;
			productReference = 3F5703DD1D74961900068735 /* ObjCBasicsLab */;
			productType = "com.apple.product-type.tool";
		};
		3F5703EA1D7497A200068735 /* UnitTests */ = {
			isa = PBXNativeTarget;
			buildConfigurationList = 3F5703F01D7497A200068735 /* Build configuration list for PBXNativeTarget "UnitTests" */;
			buildPhases = (
				3F5703E71D7497A200068735 /* Sources */,
				3F5703E81D7497A200068735 /* Frameworks */,
				3F5703E91D7497A200068735 /* Resources */,
			);
			buildRules = (
			);
			dependencies = (
			);
			name = UnitTests;
			productName = UnitTests;
			productReference = 3F5703EB1D7497A200068735 /* UnitTests.xctest */;
			productType = "com.apple.product-type.bundle.unit-test";
		};
/* End PBXNativeTarget section */

/* Begin PBXProject section */
		3F5703D51D74961900068735 /* Project object */ = {
			isa = PBXProject;
			attributes = {
				LastUpgradeCheck = 0720;
				ORGANIZATIONNAME = Student;
				TargetAttributes = {
					3F5703DC1D74961900068735 = {
						CreatedOnToolsVersion = 7.2.1;
					};
					3F5703EA1D7497A200068735 = {
						CreatedOnToolsVersion = 7.2.1;
					};
				};
			};
			buildConfigurationList = 3F5703D81D74961900068735 /* Build configuration list for PBXProject "ObjCBasicsLab" */;
			compatibilityVersion = "Xcode 3.2";
			developmentRegion = English;
			hasScannedForEncodings = 0;
			knownRegions = (
				en,
			);
			mainGroup = 3F5703D41D74961900068735;
			productRefGroup = 3F5703DE1D74961900068735 /* Products */;
			projectDirPath = "";
			projectRoot = "";
			targets = (
				3F5703DC1D74961900068735 /* ObjCBasicsLab */,
				3F5703EA1D7497A200068735 /* UnitTests */,
			);
		};
/* End PBXProject section */

/* Begin PBXResourcesBuildPhase section */
		3F5703E91D7497A200068735 /* Resources */ = {
			isa = PBXResourcesBuildPhase;
			buildActionMask = 2147483647;
			files = (
			);
			runOnlyForDeploymentPostprocessing = 0;
		};
/* End PBXResourcesBuildPhase section */

/* Begin PBXSourcesBuildPhase section */
		3F5703D91D74961900068735 /* Sources */ = {
			isa = PBXSourcesBuildPhase;
			buildActionMask = 2147483647;
			files = (
				3F165F041D74A02A00A89986 /* Person.m in Sources */,
				3F5703E11D74961900068735 /* main.m in Sources */,
			);
			runOnlyForDeploymentPostprocessing = 0;
		};
		3F5703E71D7497A200068735 /* Sources */ = {
			isa = PBXSourcesBuildPhase;
			buildActionMask = 2147483647;
			files = (
				3F165F051D74A20A00A89986 /* Person.m in Sources */,
				3F5703EE1D7497A200068735 /* PersonTests.m in Sources */,
			);
			runOnlyForDeploymentPostprocessing = 0;
		};
/* End PBXSourcesBuildPhase section */

/* Begin XCBuildConfiguration section */
		3F5703E21D74961900068735 /* Debug */ = {
			isa = XCBuildConfiguration;
			buildSettings = {
				ALWAYS_SEARCH_USER_PATHS = NO;
				CLANG_CXX_LANGUAGE_STANDARD = "gnu++0x";
				CLANG_CXX_LIBRARY = "libc++";
				CLANG_ENABLE_MODULES = YES;
				CLANG_ENABLE_OBJC_ARC = YES;
				CLANG_WARN_BOOL_CONVERSION = YES;
				CLANG_WARN_CONSTANT_CONVERSION = YES;
				CLANG_WARN_DIRECT_OBJC_ISA_USAGE = YES_ERROR;
				CLANG_WARN_EMPTY_BODY = YES;
				CLANG_WARN_ENUM_CONVERSION = YES;
				CLANG_WARN_INT_CONVERSION = YES;
				CLANG_WARN_OBJC_ROOT_CLASS = YES_ERROR;
				CLANG_WARN_UNREACHABLE_CODE = YES;
				CLANG_WARN__DUPLICATE_METHOD_MATCH = YES;
				CODE_SIGN_IDENTITY = "-";
				COPY_PHASE_STRIP = NO;
				DEBUG_INFORMATION_FORMAT = dwarf;
				ENABLE_STRICT_OBJC_MSGSEND = YES;
				ENABLE_TESTABILITY = YES;
				GCC_C_LANGUAGE_STANDARD = gnu99;
				GCC_DYNAMIC_NO_PIC = NO;
				GCC_NO_COMMON_BLOCKS = YES;
				GCC_OPTIMIZATION_LEVEL = 0;
				GCC_PREPROCESSOR_DEFINITIONS = (
					"DEBUG=1",
					"$(inherited)",
				);
				GCC_WARN_64_TO_32_BIT_CONVERSION = YES;
				GCC_WARN_ABOUT_RETURN_TYPE = YES_ERROR;
				GCC_WARN_UNDECLARED_SELECTOR = YES;
				GCC_WARN_UNINITIALIZED_AUTOS = YES_AGGRESSIVE;
				GCC_WARN_UNUSED_FUNCTION = YES;
				GCC_WARN_UNUSED_VARIABLE = YES;
				MACOSX_DEPLOYMENT_TARGET = 10.11;
				MTL_ENABLE_DEBUG_INFO = YES;
				ONLY_ACTIVE_ARCH = YES;
				SDKROOT = macosx;
			};
			name = Debug;
		};
		3F5703E31D74961900068735 /* Release */ = {
			isa = XCBuildConfiguration;
			buildSettings = {
				ALWAYS_SEARCH_USER_PATHS = NO;
				CLANG_CXX_LANGUAGE_STANDARD = "gnu++0x";
				CLANG_CXX_LIBRARY = "libc++";
				CLANG_ENABLE_MODULES = YES;
				CLANG_ENABLE_OBJC_ARC = YES;
				CLANG_WARN_BOOL_CONVERSION = YES;
				CLANG_WARN_CONSTANT_CONVERSION = YES;
				CLANG_WARN_DIRECT_OBJC_ISA_USAGE = YES_ERROR;
				CLANG_WARN_EMPTY_BODY = YES;
				CLANG_WARN_ENUM_CONVERSION = YES;
				CLANG_WARN_INT_CONVERSION = YES;
				CLANG_WARN_OBJC_ROOT_CLASS = YES_ERROR;
				CLANG_WARN_UNREACHABLE_CODE = YES;
				CLANG_WARN__DUPLICATE_METHOD_MATCH = YES;
				CODE_SIGN_IDENTITY = "-";
				COPY_PHASE_STRIP = NO;
				DEBUG_INFORMATION_FORMAT = "dwarf-with-dsym";
				ENABLE_NS_ASSERTIONS = NO;
				ENABLE_STRICT_OBJC_MSGSEND = YES;
				GCC_C_LANGUAGE_STANDARD = gnu99;
				GCC_NO_COMMON_BLOCKS = YES;
				GCC_WARN_64_TO_32_BIT_CONVERSION = YES;
				GCC_WARN_ABOUT_RETURN_TYPE = YES_ERROR;
				GCC_WARN_UNDECLARED_SELECTOR = YES;
				GCC_WARN_UNINITIALIZED_AUTOS = YES_AGGRESSIVE;
				GCC_WARN_UNUSED_FUNCTION = YES;
				GCC_WARN_UNUSED_VARIABLE = YES;
				MACOSX_DEPLOYMENT_TARGET = 10.11;
				MTL_ENABLE_DEBUG_INFO = NO;
				SDKROOT = macosx;
			};
			name = Release;
		};
		3F5703E51D74961900068735 /* Debug */ = {
			isa = XCBuildConfiguration;
			buildSettings = {
				PRODUCT_NAME = "$(TARGET_NAME)";
			};
			name = Debug;
		};
		3F5703E61D74961900068735 /* Release */ = {
			isa = XCBuildConfiguration;
			buildSettings = {
				PRODUCT_NAME = "$(TARGET_NAME)";
			};
			name = Release;
		};
		3F5703F11D7497A200068735 /* Debug */ = {
			isa = XCBuildConfiguration;
			buildSettings = {
				COMBINE_HIDPI_IMAGES = YES;
				INFOPLIST_FILE = UnitTests/Info.plist;
				LD_RUNPATH_SEARCH_PATHS = "$(inherited) @executable_path/../Frameworks @loader_path/../Frameworks";
				PRODUCT_BUNDLE_IDENTIFIER = com.aboutobjects.UnitTests;
				PRODUCT_NAME = "$(TARGET_NAME)";
			};
			name = Debug;
		};
		3F5703F21D7497A200068735 /* Release */ = {
			isa = XCBuildConfiguration;
			buildSettings = {
				COMBINE_HIDPI_IMAGES = YES;
				INFOPLIST_FILE = UnitTests/Info.plist;
				LD_RUNPATH_SEARCH_PATHS = "$(inherited) @executable_path/../Frameworks @loader_path/../Frameworks";
				PRODUCT_BUNDLE_IDENTIFIER = com.aboutobjects.UnitTests;
				PRODUCT_NAME = "$(TARGET_NAME)";
			};
			name = Release;
		};
/* End XCBuildConfiguration section */

/* Begin XCConfigurationList section */
		3F5703D81D74961900068735 /* Build configuration list for PBXProject "ObjCBasicsLab" */ = {
			isa = XCConfigurationList;
			buildConfigurations = (
				3F5703E21D74961900068735 /* Debug */,
				3F5703E31D74961900068735 /* Release */,
			);
			defaultConfigurationIsVisible = 0;
			defaultConfigurationName = Release;
		};
		3F5703E41D74961900068735 /* Build configuration list for PBXNativeTarget "ObjCBasicsLab" */ = {
			isa = XCConfigurationList;
			buildConfigurations = (
				3F5703E51D74961900068735 /* Debug */,
				3F5703E61D74961900068735 /* Release */,
			);
			defaultConfigurationIsVisible = 0;
			defaultConfigurationName = Release;
		};
		3F5703F01D7497A200068735 /* Build configuration list for PBXNativeTarget "UnitTests" */ = {
			isa = XCConfigurationList;
			buildConfigurations = (
				3F5703F11D7497A200068735 /* Debug */,
				3F5703F21D7497A200068735 /* Release */,
			);
			defaultConfigurationIsVisible = 0;
			defaultConfigurationName = Release;
		};
/* End XCConfigurationList section */
	};
	rootObject = 3F5703D51D74961900068735 /* Project object */;
}
